
Microsoft Visual Studio Solution File, Format Version 12.00
# Visual Studio Version 17
VisualStudioVersion = 17.0.31919.166
MinimumVisualStudioVersion = 10.0.40219.1
Project("{FAE04EC0-301F-11D3-BF4B-00C04F79EFBC}") = "Object Oriented C Sharp", "Object Oriented C Sharp\Object Oriented C Sharp.csproj", "{40C99C71-3BA7-463B-88BF-28BB9CC7A045}"
EndProject
Global
	GlobalSection(SolutionConfigurationPlatforms) = preSolution
		Debug|Any CPU = Debug|Any CPU
		Release|Any CPU = Release|Any CPU
	EndGlobalSection
	GlobalSection(ProjectConfigurationPlatforms) = postSolution
		{40C99C71-3BA7-463B-88BF-28BB9CC7A045}.Debug|Any CPU.ActiveCfg = Debug|Any CPU
		{40C99C71-3BA7-463B-88BF-28BB9CC7A045}.Debug|Any CPU.Build.0 = Debug|Any CPU
		{40C99C71-3BA7-463B-88BF-28BB9CC7A045}.Release|Any CPU.ActiveCfg = Release|Any CPU
		{40C99C71-3BA7-463B-88BF-28BB9CC7A045}.Release|Any CPU.Build.0 = Release|Any CPU
	EndGlobalSection
	GlobalSection(SolutionProperties) = preSolution
		HideSolutionNode = FALSE
	EndGlobalSection
	GlobalSection(ExtensibilityGlobals) = postSolution
		SolutionGuid = {AEF6E4EF-25F5-42BF-B28C-590BEF1AD1B2}
	EndGlobalSection
EndGlobal
